PODS:
  - Alamofire (5.1.0)
  - ColorSlider (4.4)
  - Toucan (1.1.0)

DEPENDENCIES:
  - Alamofire
  - ColorSlider (~> 4.4)
  - Toucan

SPEC REPOS:
  https://github.com/cocoapods/specs.git:
    - Alamofire
    - ColorSlider
    - Toucan

SPEC CHECKSUMS:
  Alamofire: 9d5c5f602928e512395b30950c5984eca840093c
  ColorSlider: 9a888e65b871fa1e6a26fadebf4931c949935681
  Toucan: 8f228fabb21521b9658692df9325fe76e71d74b2

PODFILE CHECKSUM: 8d253fdc13d7e5ee6d12093614a67f39744734c8

COCOAPODS: 1.7.5
